
Microsoft Visual Studio Solution File, Format Version 12.00
# Visual Studio Version 16
VisualStudioVersion = 16.0.810.21
MinimumVisualStudioVersion = 10.0.40219.1
Project("{FAE04EC0-301F-11D3-BF4B-00C04F79EFBC}") = "ShoppingWebAPI", "ShoppingWebAPI\ShoppingWebAPI.csproj", "{661A1C12-8400-47D8-AB6D-B4A25278A6D3}"
EndProject
Project("{FAE04EC0-301F-11D3-BF4B-00C04F79EFBC}") = "BusinessLayer", "BusinessLayer\BusinessLayer.csproj", "{209E9945-68CC-44E4-9F4D-39925EF035ED}"
EndProject
Global
	GlobalSection(SolutionConfigurationPlatforms) = preSolution
		Debug|Any CPU = Debug|Any CPU
		Release|Any CPU = Release|Any CPU
	EndGlobalSection
	GlobalSection(ProjectConfigurationPlatforms) = postSolution
		{661A1C12-8400-47D8-AB6D-B4A25278A6D3}.Debug|Any CPU.ActiveCfg = Debug|Any CPU
		{661A1C12-8400-47D8-AB6D-B4A25278A6D3}.Debug|Any CPU.Build.0 = Debug|Any CPU
		{661A1C12-8400-47D8-AB6D-B4A25278A6D3}.Release|Any CPU.ActiveCfg = Release|Any CPU
		{661A1C12-8400-47D8-AB6D-B4A25278A6D3}.Release|Any CPU.Build.0 = Release|Any CPU
		{209E9945-68CC-44E4-9F4D-39925EF035ED}.Debug|Any CPU.ActiveCfg = Debug|Any CPU
		{209E9945-68CC-44E4-9F4D-39925EF035ED}.Debug|Any CPU.Build.0 = Debug|Any CPU
		{209E9945-68CC-44E4-9F4D-39925EF035ED}.Release|Any CPU.ActiveCfg = Release|Any CPU
		{209E9945-68CC-44E4-9F4D-39925EF035ED}.Release|Any CPU.Build.0 = Release|Any CPU
	EndGlobalSection
	GlobalSection(SolutionProperties) = preSolution
		HideSolutionNode = FALSE
	EndGlobalSection
	GlobalSection(ExtensibilityGlobals) = postSolution
		SolutionGuid = {8696CE3A-C804-4881-BA18-AD96750D45E0}
	EndGlobalSection
EndGlobal
